# This file is automatically @generated by Cargo.
# It is not intended for manual editing.
[[package]]
name = "alsa"
version = "0.2.2"
source = "registry+https://github.com/rust-lang/crates.io-index"
checksum = "b4a0d4ebc8b23041c5de9bc9aee13b4bad844a589479701f31a5934cfe4aeb32"
dependencies = [
 "alsa-sys",
 "bitflags 0.9.1",
 "libc",
 "nix",
]

[[package]]
name = "alsa-sys"
version = "0.1.2"
source = "registry+https://github.com/rust-lang/crates.io-index"
checksum = "b0edcbbf9ef68f15ae1b620f722180b82a98b6f0628d30baa6b8d2a5abc87d58"
dependencies = [
 "libc",
 "pkg-config",
]

[[package]]
name = "bitflags"
version = "0.3.3"
source = "registry+https://github.com/rust-lang/crates.io-index"
checksum = "32866f4d103c4e438b1db1158aa1b1a80ee078e5d77a59a2f906fd62a577389c"

[[package]]
name = "bitflags"
version = "0.9.1"
source = "registry+https://github.com/rust-lang/crates.io-index"
checksum = "4efd02e230a02e18f92fc2735f44597385ed02ad8f831e7c1c1156ee5e1ab3a5"

[[package]]
name = "bumpalo"
version = "3.2.0"
source = "registry+https://github.com/rust-lang/crates.io-index"
checksum = "1f359dc14ff8911330a51ef78022d376f25ed00248912803b58f00cb1c27f742"

[[package]]
name = "cfg-if"
version = "0.1.10"
source = "registry+https://github.com/rust-lang/crates.io-index"
checksum = "4785bdd1c96b2a846b2bd7cc02e86b6b3dbf14e7e53446c4f54c92a361040822"

[[package]]
name = "controller-fire"
version = "0.1.0"
dependencies = [
 "futures",
 "midir",
]

[[package]]
name = "core-foundation"
version = "0.2.3"
source = "registry+https://github.com/rust-lang/crates.io-index"
checksum = "25bfd746d203017f7d5cbd31ee5d8e17f94b6521c7af77ece6c9e4b2d4b16c67"
dependencies = [
 "core-foundation-sys",
 "libc",
]

[[package]]
name = "core-foundation-sys"
version = "0.2.3"
source = "registry+https://github.com/rust-lang/crates.io-index"
checksum = "065a5d7ffdcbc8fa145d6f0746f3555025b9097a9e9cda59f7467abae670c78d"
dependencies = [
 "libc",
]

[[package]]
name = "coremidi"
version = "0.4.0"
source = "registry+https://github.com/rust-lang/crates.io-index"
checksum = "99f92de5534f182bad5f91cad85611ab222cb6e237a0555e06c65a24936c3173"
dependencies = [
 "core-foundation",
 "core-foundation-sys",
 "coremidi-sys",
 "time",
]

[[package]]
name = "coremidi-sys"
version = "2.0.2"
source = "registry+https://github.com/rust-lang/crates.io-index"
checksum = "07f05827cebb30dcd539ff1ac9bf6764f574a15fa147f8572f99d7617142f95e"
dependencies = [
 "core-foundation-sys",
]

[[package]]
name = "futures"
version = "0.3.4"
source = "registry+https://github.com/rust-lang/crates.io-index"
checksum = "5c329ae8753502fb44ae4fc2b622fa2a94652c41e795143765ba0927f92ab780"
dependencies = [
 "futures-channel",
 "futures-core",
 "futures-executor",
 "futures-io",
 "futures-sink",
 "futures-task",
 "futures-util",
]

[[package]]
name = "futures-channel"
version = "0.3.4"
source = "registry+https://github.com/rust-lang/crates.io-index"
checksum = "f0c77d04ce8edd9cb903932b608268b3fffec4163dc053b3b402bf47eac1f1a8"
dependencies = [
 "futures-core",
 "futures-sink",
]

[[package]]
name = "futures-core"
version = "0.3.4"
source = "registry+https://github.com/rust-lang/crates.io-index"
checksum = "f25592f769825e89b92358db00d26f965761e094951ac44d3663ef25b7ac464a"

[[package]]
name = "futures-executor"
version = "0.3.4"
source = "registry+https://github.com/rust-lang/crates.io-index"
checksum = "f674f3e1bcb15b37284a90cedf55afdba482ab061c407a9c0ebbd0f3109741ba"
dependencies = [
 "futures-core",
 "futures-task",
 "futures-util",
]

[[package]]
name = "futures-io"
version = "0.3.4"
source = "registry+https://github.com/rust-lang/crates.io-index"
checksum = "a638959aa96152c7a4cddf50fcb1e3fede0583b27157c26e67d6f99904090dc6"

[[package]]
name = "futures-macro"
version = "0.3.4"
source = "registry+https://github.com/rust-lang/crates.io-index"
checksum = "9a5081aa3de1f7542a794a397cde100ed903b0630152d0973479018fd85423a7"
dependencies = [
 "proc-macro-hack",
 "proc-macro2",
 "quote",
 "syn",
]

[[package]]
name = "futures-sink"
version = "0.3.4"
source = "registry+https://github.com/rust-lang/crates.io-index"
checksum = "3466821b4bc114d95b087b850a724c6f83115e929bc88f1fa98a3304a944c8a6"

[[package]]
name = "futures-task"
version = "0.3.4"
source = "registry+https://github.com/rust-lang/crates.io-index"
checksum = "7b0a34e53cf6cdcd0178aa573aed466b646eb3db769570841fda0c7ede375a27"

[[package]]
name = "futures-util"
version = "0.3.4"
source = "registry+https://github.com/rust-lang/crates.io-index"
checksum = "22766cf25d64306bedf0384da004d05c9974ab104fcc4528f1236181c18004c5"
dependencies = [
 "futures-channel",
 "futures-core",
 "futures-io",
 "futures-macro",
 "futures-sink",
 "futures-task",
 "memchr",
 "pin-utils",
 "proc-macro-hack",
 "proc-macro-nested",
 "slab",
]

[[package]]
name = "js-sys"
version = "0.3.36"
source = "registry+https://github.com/rust-lang/crates.io-index"
checksum = "1cb931d43e71f560c81badb0191596562bafad2be06a3f9025b845c847c60df5"
dependencies = [
 "wasm-bindgen",
]

[[package]]
name = "lazy_static"
version = "1.4.0"
source = "registry+https://github.com/rust-lang/crates.io-index"
checksum = "e2abad23fbc42b3700f2f279844dc832adb2b2eb069b2df918f455c4e18cc646"

[[package]]
name = "libc"
version = "0.2.67"
source = "registry+https://github.com/rust-lang/crates.io-index"
checksum = "eb147597cdf94ed43ab7a9038716637d2d1bf2bc571da995d0028dec06bd3018"

[[package]]
name = "log"
version = "0.4.8"
source = "registry+https://github.com/rust-lang/crates.io-index"
checksum = "14b6052be84e6b71ab17edffc2eeabf5c2c3ae1fdb464aae35ac50c67a44e1f7"
dependencies = [
 "cfg-if",
]

[[package]]
name = "memalloc"
version = "0.1.0"
source = "registry+https://github.com/rust-lang/crates.io-index"
checksum = "df39d232f5c40b0891c10216992c2f250c054105cb1e56f0fc9032db6203ecc1"

[[package]]
name = "memchr"
version = "2.3.3"
source = "registry+https://github.com/rust-lang/crates.io-index"
checksum = "3728d817d99e5ac407411fa471ff9800a778d88a24685968b36824eaf4bee400"

[[package]]
name = "midir"
version = "0.5.0"
source = "git+https://github.com/Boddlnagg/midir.git?rev=14a3e17f486739586c7614b75900ff4143b88084#14a3e17f486739586c7614b75900ff4143b88084"
dependencies = [
 "alsa",
 "bitflags 0.3.3",
 "coremidi",
 "js-sys",
 "libc",
 "memalloc",
 "nix",
 "wasm-bindgen",
 "web-sys",
 "winapi",
]

[[package]]
name = "nix"
version = "0.9.0"
source = "registry+https://github.com/rust-lang/crates.io-index"
checksum = "a2c5afeb0198ec7be8569d666644b574345aad2e95a53baf3a532da3e0f3fb32"
dependencies = [
 "bitflags 0.9.1",
 "cfg-if",
 "libc",
 "void",
]

[[package]]
name = "pin-utils"
version = "0.1.0-alpha.4"
source = "registry+https://github.com/rust-lang/crates.io-index"
checksum = "5894c618ce612a3fa23881b152b608bafb8c56cfc22f434a3ba3120b40f7b587"

[[package]]
name = "pkg-config"
version = "0.3.17"
source = "registry+https://github.com/rust-lang/crates.io-index"
checksum = "05da548ad6865900e60eaba7f589cc0783590a92e940c26953ff81ddbab2d677"

[[package]]
name = "proc-macro-hack"
version = "0.5.11"
source = "registry+https://github.com/rust-lang/crates.io-index"
checksum = "ecd45702f76d6d3c75a80564378ae228a85f0b59d2f3ed43c91b4a69eb2ebfc5"
dependencies = [
 "proc-macro2",
 "quote",
 "syn",
]

[[package]]
name = "proc-macro-nested"
version = "0.1.3"
source = "registry+https://github.com/rust-lang/crates.io-index"
checksum = "369a6ed065f249a159e06c45752c780bda2fb53c995718f9e484d08daa9eb42e"

[[package]]
name = "proc-macro2"
version = "1.0.9"
source = "registry+https://github.com/rust-lang/crates.io-index"
checksum = "6c09721c6781493a2a492a96b5a5bf19b65917fe6728884e7c44dd0c60ca3435"
dependencies = [
 "unicode-xid",
]

[[package]]
name = "quote"
version = "1.0.3"
source = "registry+https://github.com/rust-lang/crates.io-index"
checksum = "2bdc6c187c65bca4260c9011c9e3132efe4909da44726bad24cf7572ae338d7f"
dependencies = [
 "proc-macro2",
]

[[package]]
name = "redox_syscall"
version = "0.1.56"
source = "registry+https://github.com/rust-lang/crates.io-index"
checksum = "2439c63f3f6139d1b57529d16bc3b8bb855230c8efcc5d3a896c8bea7c3b1e84"

[[package]]
name = "slab"
version = "0.4.2"
source = "registry+https://github.com/rust-lang/crates.io-index"
checksum = "c111b5bd5695e56cffe5129854aa230b39c93a305372fdbb2668ca2394eea9f8"

[[package]]
name = "syn"
version = "1.0.16"
source = "registry+https://github.com/rust-lang/crates.io-index"
checksum = "123bd9499cfb380418d509322d7a6d52e5315f064fe4b3ad18a53d6b92c07859"
dependencies = [
 "proc-macro2",
 "quote",
 "unicode-xid",
]

[[package]]
name = "time"
version = "0.1.42"
source = "registry+https://github.com/rust-lang/crates.io-index"
checksum = "db8dcfca086c1143c9270ac42a2bbd8a7ee477b78ac8e45b19abfb0cbede4b6f"
dependencies = [
 "libc",
 "redox_syscall",
 "winapi",
]

[[package]]
name = "unicode-xid"
version = "0.2.0"
source = "registry+https://github.com/rust-lang/crates.io-index"
checksum = "826e7639553986605ec5979c7dd957c7895e93eabed50ab2ffa7f6128a75097c"

[[package]]
name = "void"
version = "1.0.2"
source = "registry+https://github.com/rust-lang/crates.io-index"
checksum = "6a02e4885ed3bc0f2de90ea6dd45ebcbb66dacffe03547fadbb0eeae2770887d"

[[package]]
name = "wasm-bindgen"
version = "0.2.59"
source = "registry+https://github.com/rust-lang/crates.io-index"
checksum = "3557c397ab5a8e347d434782bcd31fc1483d927a6826804cec05cc792ee2519d"
dependencies = [
 "cfg-if",
 "wasm-bindgen-macro",
]

[[package]]
name = "wasm-bindgen-backend"
version = "0.2.59"
source = "registry+https://github.com/rust-lang/crates.io-index"
checksum = "e0da9c9a19850d3af6df1cb9574970b566d617ecfaf36eb0b706b6f3ef9bd2f8"
dependencies = [
 "bumpalo",
 "lazy_static",
 "log",
 "proc-macro2",
 "quote",
 "syn",
 "wasm-bindgen-shared",
]

[[package]]
name = "wasm-bindgen-macro"
version = "0.2.59"
source = "registry+https://github.com/rust-lang/crates.io-index"
checksum = "0f6fde1d36e75a714b5fe0cffbb78978f222ea6baebb726af13c78869fdb4205"
dependencies = [
 "quote",
 "wasm-bindgen-macro-support",
]

[[package]]
name = "wasm-bindgen-macro-support"
version = "0.2.59"
source = "registry+https://github.com/rust-lang/crates.io-index"
checksum = "25bda4168030a6412ea8a047e27238cadf56f0e53516e1e83fec0a8b7c786f6d"
dependencies = [
 "proc-macro2",
 "quote",
 "syn",
 "wasm-bindgen-backend",
 "wasm-bindgen-shared",
]

[[package]]
name = "wasm-bindgen-shared"
version = "0.2.59"
source = "registry+https://github.com/rust-lang/crates.io-index"
checksum = "fc9f36ad51f25b0219a3d4d13b90eb44cd075dff8b6280cca015775d7acaddd8"

[[package]]
name = "web-sys"
version = "0.3.36"
source = "registry+https://github.com/rust-lang/crates.io-index"
checksum = "721c6263e2c66fd44501cc5efbfa2b7dfa775d13e4ea38c46299646ed1f9c70a"
dependencies = [
 "js-sys",
 "wasm-bindgen",
]

[[package]]
name = "winapi"
version = "0.3.8"
source = "registry+https://github.com/rust-lang/crates.io-index"
checksum = "8093091eeb260906a183e6ae1abdba2ef5ef2257a21801128899c3fc699229c6"
dependencies = [
 "winapi-i686-pc-windows-gnu",
 "winapi-x86_64-pc-windows-gnu",
]

[[package]]
name = "winapi-i686-pc-windows-gnu"
version = "0.4.0"
source = "registry+https://github.com/rust-lang/crates.io-index"
checksum = "ac3b87c63620426dd9b991e5ce0329eff545bccbbb34f3be09ff6fb6ab51b7b6"

[[package]]
name = "winapi-x86_64-pc-windows-gnu"
version = "0.4.0"
source = "registry+https://github.com/rust-lang/crates.io-index"
checksum = "712e227841d057c1ee1cd2fb22fa7e5a5461ae8e48fa2ca79ec42cfc1931183f"
